
Microsoft Visual Studio Solution File, Format Version 12.00
# Visual Studio Version 17
VisualStudioVersion = 17.14.36408.4
MinimumVisualStudioVersion = 10.0.40219.1
Project("{FAE04EC0-301F-11D3-BF4B-00C04F79EFBC}") = "PingRequester.Client", "Ping_Requester\PingRequester.Client.csproj", "{3E79E9B7-E2C4-4C12-94F2-04D7CB37BB69}"
EndProject
Project("{2150E333-8FDC-42A3-9474-1A3956D46DE8}") = "Client", "Client", "{02EA681E-C7D8-13C7-8484-4AC65E1B71E8}"
EndProject
Project("{2150E333-8FDC-42A3-9474-1A3956D46DE8}") = "Data", "Data", "{215A723F-06DA-47D7-806D-565AD35B9C65}"
EndProject
Project("{FAE04EC0-301F-11D3-BF4B-00C04F79EFBC}") = "PingRequester.Data", "PingRequester.Data\PingRequester.Data.csproj", "{1915E62A-BE87-4FBD-B926-FE972D955075}"
EndProject
Project("{2150E333-8FDC-42A3-9474-1A3956D46DE8}") = "BusinessLayer", "BusinessLayer", "{14C486EF-BBE0-4DB3-82E3-5531538B26CF}"
EndProject
Project("{FAE04EC0-301F-11D3-BF4B-00C04F79EFBC}") = "PingRequester.BusinessLayer", "PingRequester.BusinessLayer\PingRequester.BusinessLayer.csproj", "{F38DB553-44BA-4958-89A9-49D0BF617841}"
EndProject
Project("{FAE04EC0-301F-11D3-BF4B-00C04F79EFBC}") = "PingRequester.Tests", "PingRequester.Tests\PingRequester.Tests.csproj", "{EA313750-87EB-4390-958C-7C4994EE17E5}"
EndProject
Project("{2150E333-8FDC-42A3-9474-1A3956D46DE8}") = "Tests", "Tests", "{5F6BE9D3-A05D-451B-844B-3D731FBDFBFC}"
EndProject
Project("{2150E333-8FDC-42A3-9474-1A3956D46DE8}") = "Setup", "Setup", "{AF19D243-DF1D-4340-B07B-1D1EA8E35ABE}"
EndProject
Project("{54435603-DBB4-11D2-8724-00A0C9A8B90C}") = "PingRequester.Setup", "PingRequester.Setup\PingRequester.Setup.vdproj", "{F49D9A18-ACC9-C8ED-055F-1D94A9C6AD8E}"
EndProject
Global
	GlobalSection(SolutionConfigurationPlatforms) = preSolution
		Debug|Any CPU = Debug|Any CPU
		Release|Any CPU = Release|Any CPU
	EndGlobalSection
	GlobalSection(ProjectConfigurationPlatforms) = postSolution
		{3E79E9B7-E2C4-4C12-94F2-04D7CB37BB69}.Debug|Any CPU.ActiveCfg = Debug|Any CPU
		{3E79E9B7-E2C4-4C12-94F2-04D7CB37BB69}.Debug|Any CPU.Build.0 = Debug|Any CPU
		{3E79E9B7-E2C4-4C12-94F2-04D7CB37BB69}.Release|Any CPU.ActiveCfg = Release|Any CPU
		{3E79E9B7-E2C4-4C12-94F2-04D7CB37BB69}.Release|Any CPU.Build.0 = Release|Any CPU
		{1915E62A-BE87-4FBD-B926-FE972D955075}.Debug|Any CPU.ActiveCfg = Debug|Any CPU
		{1915E62A-BE87-4FBD-B926-FE972D955075}.Debug|Any CPU.Build.0 = Debug|Any CPU
		{1915E62A-BE87-4FBD-B926-FE972D955075}.Release|Any CPU.ActiveCfg = Release|Any CPU
		{1915E62A-BE87-4FBD-B926-FE972D955075}.Release|Any CPU.Build.0 = Release|Any CPU
		{F38DB553-44BA-4958-89A9-49D0BF617841}.Debug|Any CPU.ActiveCfg = Debug|Any CPU
		{F38DB553-44BA-4958-89A9-49D0BF617841}.Debug|Any CPU.Build.0 = Debug|Any CPU
		{F38DB553-44BA-4958-89A9-49D0BF617841}.Release|Any CPU.ActiveCfg = Release|Any CPU
		{F38DB553-44BA-4958-89A9-49D0BF617841}.Release|Any CPU.Build.0 = Release|Any CPU
		{EA313750-87EB-4390-958C-7C4994EE17E5}.Debug|Any CPU.ActiveCfg = Debug|Any CPU
		{EA313750-87EB-4390-958C-7C4994EE17E5}.Debug|Any CPU.Build.0 = Debug|Any CPU
		{EA313750-87EB-4390-958C-7C4994EE17E5}.Release|Any CPU.ActiveCfg = Release|Any CPU
		{EA313750-87EB-4390-958C-7C4994EE17E5}.Release|Any CPU.Build.0 = Release|Any CPU
		{F49D9A18-ACC9-C8ED-055F-1D94A9C6AD8E}.Debug|Any CPU.ActiveCfg = Debug
		{F49D9A18-ACC9-C8ED-055F-1D94A9C6AD8E}.Release|Any CPU.ActiveCfg = Release
	EndGlobalSection
	GlobalSection(SolutionProperties) = preSolution
		HideSolutionNode = FALSE
	EndGlobalSection
	GlobalSection(NestedProjects) = preSolution
		{3E79E9B7-E2C4-4C12-94F2-04D7CB37BB69} = {02EA681E-C7D8-13C7-8484-4AC65E1B71E8}
		{1915E62A-BE87-4FBD-B926-FE972D955075} = {215A723F-06DA-47D7-806D-565AD35B9C65}
		{F38DB553-44BA-4958-89A9-49D0BF617841} = {14C486EF-BBE0-4DB3-82E3-5531538B26CF}
		{EA313750-87EB-4390-958C-7C4994EE17E5} = {5F6BE9D3-A05D-451B-844B-3D731FBDFBFC}
		{F49D9A18-ACC9-C8ED-055F-1D94A9C6AD8E} = {AF19D243-DF1D-4340-B07B-1D1EA8E35ABE}
	EndGlobalSection
	GlobalSection(ExtensibilityGlobals) = postSolution
		SolutionGuid = {CB91A9CC-9D50-4C9A-A4BA-C3FD67F0C809}
	EndGlobalSection
EndGlobal
